# This file is autogenerated, do not edit; changes may be undone by the next 'dep ensure'.


[[projects]]
  name = "github.com/aws/aws-lambda-go"
  packages = ["events","lambda","lambda/handlertrace","lambda/messages","lambdacontext"]
  revision = "55dc88be4cdfaaf4bb4d9f65debd8d4310e0a83c"
  version = "v1.19.1"

[[projects]]
  name = "github.com/go-playground/locales"
  packages = [".","currency"]
  revision = "9f105231d3a5f6877a2bf8321dfa15ea6f844b1b"
  version = "v0.13.0"

[[projects]]
  name = "github.com/go-playground/universal-translator"
  packages = ["."]
  revision = "f87b1403479a348651dbf5f07f5cc6e5fcf07008"
  version = "v0.17.0"

[[projects]]
  name = "github.com/go-playground/validator"
  packages = ["."]
  revision = "ea924ce89a4774b8017143b34b946db46add9df1"
  version = "v10.3.0"

[[projects]]
  name = "github.com/leodido/go-urn"
  packages = ["."]
  revision = "a0f5013415294bb94553821ace21a1a74c0298cc"
  version = "v1.2.0"

[solve-meta]
  analyzer-name = "dep"
  analyzer-version = 1
  inputs-digest = "50b095c3581f45ce7ddffbe2c3ad98f5b6818bb1ce14194b607f981cc425ee90"
  solver-name = "gps-cdcl"
  solver-version = 1
